// !$*UTF8*$!
{
	archiveVersion = 1;
	classes = {
	};
	objectVersion = 50;
	objects = {

/* Begin PBXBuildFile section */
		1A1F9B6E2355B72E00CE70E7 /* AppDelegate.m in Sources */ = {isa = PBXBuildFile; fileRef = 1A1F9B6D2355B72E00CE70E7 /* AppDelegate.m */; };
		1A1F9B712355B72E00CE70E7 /* SceneDelegate.m in Sources */ = {isa = PBXBuildFile; fileRef = 1A1F9B702355B72E00CE70E7 /* SceneDelegate.m */; };
		1A1F9B742355B72E00CE70E7 /* ViewController.m in Sources */ = {isa = PBXBuildFile; fileRef = 1A1F9B732355B72E00CE70E7 /* ViewController.m */; };
		1A1F9B772355B72E00CE70E7 /* Main.storyboard in Resources */ = {isa = PBXBuildFile; fileRef = 1A1F9B752355B72E00CE70E7 /* Main.storyboard */; };
		1A1F9B792355B72F00CE70E7 /* Assets.xcassets in Resources */ = {isa = PBXBuildFile; fileRef = 1A1F9B782355B72F00CE70E7 /* Assets.xcassets */; };
		1A1F9B7C2355B72F00CE70E7 /* LaunchScreen.storyboard in Resources */ = {isa = PBXBuildFile; fileRef = 1A1F9B7A2355B72F00CE70E7 /* LaunchScreen.storyboard */; };
		1A1F9B7F2355B72F00CE70E7 /* main.m in Sources */ = {isa = PBXBuildFile; fileRef = 1A1F9B7E2355B72F00CE70E7 /* main.m */; };
		1A1F9B892355B73000CE70E7 /* TestCICDDemoTests.m in Sources */ = {isa = PBXBuildFile; fileRef = 1A1F9B882355B73000CE70E7 /* TestCICDDemoTests.m */; };
		1A1F9B942355B73000CE70E7 /* TestCICDDemoUITests.m in Sources */ = {isa = PBXBuildFile; fileRef = 1A1F9B932355B73000CE70E7 /* TestCICDDemoUITests.m */; };
/* End PBXBuildFile section */

/* Begin PBXContainerItemProxy section */
		1A1F9B852355B73000CE70E7 /* PBXContainerItemProxy */ = {
			isa = PBXContainerItemProxy;
			containerPortal = 1A1F9B612355B72E00CE70E7 /* Project object */;
			proxyType = 1;
			remoteGlobalIDString = 1A1F9B682355B72E00CE70E7;
			remoteInfo = TestCICDDemo;
		};
		1A1F9B902355B73000CE70E7 /* PBXContainerItemProxy */ = {
			isa = PBXContainerItemProxy;
			containerPortal = 1A1F9B612355B72E00CE70E7 /* Project object */;
			proxyType = 1;
			remoteGlobalIDString = 1A1F9B682355B72E00CE70E7;
			remoteInfo = TestCICDDemo;
		};
/* End PBXContainerItemProxy section */

/* Begin PBXFileReference section */
		1A1F9B692355B72E00CE70E7 /* TestCICDDemo.app */ = {isa = PBXFileReference; explicitFileType = wrapper.application; includeInIndex = 0; path = TestCICDDemo.app; sourceTree = BUILT_PRODUCTS_DIR; };
		1A1F9B6C2355B72E00CE70E7 /* AppDelegate.h */ = {isa = PBXFileReference; lastKnownFileType = sourcecode.c.h; path = AppDelegate.h; sourceTree = "<group>"; };
		1A1F9B6D2355B72E00CE70E7 /* AppDelegate.m */ = {isa = PBXFileReference; lastKnownFileType = sourcecode.c.objc; path = AppDelegate.m; sourceTree = "<group>"; };
		1A1F9B6F2355B72E00CE70E7 /* SceneDelegate.h */ = {isa = PBXFileReference; lastKnownFileType = sourcecode.c.h; path = SceneDelegate.h; sourceTree = "<group>"; };
		1A1F9B702355B72E00CE70E7 /* SceneDelegate.m */ = {isa = PBXFileReference; lastKnownFileType = sourcecode.c.objc; path = SceneDelegate.m; sourceTree = "<group>"; };
		1A1F9B722355B72E00CE70E7 /* ViewController.h */ = {isa = PBXFileReference; lastKnownFileType = sourcecode.c.h; path = ViewController.h; sourceTree = "<group>"; };
		1A1F9B732355B72E00CE70E7 /* ViewController.m */ = {isa = PBXFileReference; lastKnownFileType = sourcecode.c.objc; path = ViewController.m; sourceTree = "<group>"; };
		1A1F9B762355B72E00CE70E7 /* Base */ = {isa = PBXFileReference; lastKnownFileType = file.storyboard; name = Base; path = Base.lproj/Main.storyboard; sourceTree = "<group>"; };
		1A1F9B782355B72F00CE70E7 /* Assets.xcassets */ = {isa = PBXFileReference; lastKnownFileType = folder.assetcatalog; path = Assets.xcassets; sourceTree = "<group>"; };
		1A1F9B7B2355B72F00CE70E7 /* Base */ = {isa = PBXFileReference; lastKnownFileType = file.storyboard; name = Base; path = Base.lproj/LaunchScreen.storyboard; sourceTree = "<group>"; };
		1A1F9B7D2355B72F00CE70E7 /* Info.plist */ = {isa = PBXFileReference; lastKnownFileType = text.plist.xml; path = Info.plist; sourceTree = "<group>"; };
		1A1F9B7E2355B72F00CE70E7 /* main.m */ = {isa = PBXFileReference; lastKnownFileType = sourcecode.c.objc; path = main.m; sourceTree = "<group>"; };
		1A1F9B842355B73000CE70E7 /* TestCICDDemoTests.xctest */ = {isa = PBXFileReference; explicitFileType = wrapper.cfbundle; includeInIndex = 0; path = TestCICDDemoTests.xctest; sourceTree = BUILT_PRODUCTS_DIR; };
		1A1F9B882355B73000CE70E7 /* TestCICDDemoTests.m */ = {isa = PBXFileReference; lastKnownFileType = sourcecode.c.objc; path = TestCICDDemoTests.m; sourceTree = "<group>"; };
		1A1F9B8A2355B73000CE70E7 /* Info.plist */ = {isa = PBXFileReference; lastKnownFileType = text.plist.xml; path = Info.plist; sourceTree = "<group>"; };
		1A1F9B8F2355B73000CE70E7 /* TestCICDDemoUITests.xctest */ = {isa = PBXFileReference; explicitFileType = wrapper.cfbundle; includeInIndex = 0; path = TestCICDDemoUITests.xctest; sourceTree = BUILT_PRODUCTS_DIR; };
		1A1F9B932355B73000CE70E7 /* TestCICDDemoUITests.m */ = {isa = PBXFileReference; lastKnownFileType = sourcecode.c.objc; path = TestCICDDemoUITests.m; sourceTree = "<group>"; };
		1A1F9B952355B73000CE70E7 /* Info.plist */ = {isa = PBXFileReference; lastKnownFileType = text.plist.xml; path = Info.plist; sourceTree = "<group>"; };
/* End PBXFileReference section */

/* Begin PBXFrameworksBuildPhase section */
		1A1F9B662355B72E00CE70E7 /* Frameworks */ = {
			isa = PBXFrameworksBuildPhase;
			buildActionMask = 2147483647;
			files = (
			);
			runOnlyForDeploymentPostprocessing = 0;
		};
		1A1F9B812355B73000CE70E7 /* Frameworks */ = {
			isa = PBXFrameworksBuildPhase;
			buildActionMask = 2147483647;
			files = (
			);
			runOnlyForDeploymentPostprocessing = 0;
		};
		1A1F9B8C2355B73000CE70E7 /* Frameworks */ = {
			isa = PBXFrameworksBuildPhase;
			buildActionMask = 2147483647;
			files = (
			);
			runOnlyForDeploymentPostprocessing = 0;
		};
/* End PBXFrameworksBuildPhase section */

/* Begin PBXGroup section */
		1A1F9B602355B72E00CE70E7 = {
			isa = PBXGroup;
			children = (
				1A1F9B6B2355B72E00CE70E7 /* TestCICDDemo */,
				1A1F9B872355B73000CE70E7 /* TestCICDDemoTests */,
				1A1F9B922355B73000CE70E7 /* TestCICDDemoUITests */,
				1A1F9B6A2355B72E00CE70E7 /* Products */,
			);
			sourceTree = "<group>";
		};
		1A1F9B6A2355B72E00CE70E7 /* Products */ = {
			isa = PBXGroup;
			children = (
				1A1F9B692355B72E00CE70E7 /* TestCICDDemo.app */,
				1A1F9B842355B73000CE70E7 /* TestCICDDemoTests.xctest */,
				1A1F9B8F2355B73000CE70E7 /* TestCICDDemoUITests.xctest */,
			);
			name = Products;
			sourceTree = "<group>";
		};
		1A1F9B6B2355B72E00CE70E7 /* TestCICDDemo */ = {
			isa = PBXGroup;
			children = (
				1A1F9B6C2355B72E00CE70E7 /* AppDelegate.h */,
				1A1F9B6D2355B72E00CE70E7 /* AppDelegate.m */,
				1A1F9B6F2355B72E00CE70E7 /* SceneDelegate.h */,
				1A1F9B702355B72E00CE70E7 /* SceneDelegate.m */,
				1A1F9B722355B72E00CE70E7 /* ViewController.h */,
				1A1F9B732355B72E00CE70E7 /* ViewController.m */,
				1A1F9B752355B72E00CE70E7 /* Main.storyboard */,
				1A1F9B782355B72F00CE70E7 /* Assets.xcassets */,
				1A1F9B7A2355B72F00CE70E7 /* LaunchScreen.storyboard */,
				1A1F9B7D2355B72F00CE70E7 /* Info.plist */,
				1A1F9B7E2355B72F00CE70E7 /* main.m */,
			);
			path = TestCICDDemo;
			sourceTree = "<group>";
		};
		1A1F9B872355B73000CE70E7 /* TestCICDDemoTests */ = {
			isa = PBXGroup;
			children = (
				1A1F9B882355B73000CE70E7 /* TestCICDDemoTests.m */,
				1A1F9B8A2355B73000CE70E7 /* Info.plist */,
			);
			path = TestCICDDemoTests;
			sourceTree = "<group>";
		};
		1A1F9B922355B73000CE70E7 /* TestCICDDemoUITests */ = {
			isa = PBXGroup;
			children = (
				1A1F9B932355B73000CE70E7 /* TestCICDDemoUITests.m */,
				1A1F9B952355B73000CE70E7 /* Info.plist */,
			);
			path = TestCICDDemoUITests;
			sourceTree = "<group>";
		};
/* End PBXGroup section */

/* Begin PBXNativeTarget section */
		1A1F9B682355B72E00CE70E7 /* TestCICDDemo */ = {
			isa = PBXNativeTarget;
			buildConfigurationList = 1A1F9B982355B73000CE70E7 /* Build configuration list for PBXNativeTarget "TestCICDDemo" */;
			buildPhases = (
				1A1F9B652355B72E00CE70E7 /* Sources */,
				1A1F9B662355B72E00CE70E7 /* Frameworks */,
				1A1F9B672355B72E00CE70E7 /* Resources */,
			);
			buildRules = (
			);
			dependencies = (
			);
			name = TestCICDDemo;
			productName = TestCICDDemo;
			productReference = 1A1F9B692355B72E00CE70E7 /* TestCICDDemo.app */;
			productType = "com.apple.product-type.application";
		};
		1A1F9B832355B73000CE70E7 /* TestCICDDemoTests */ = {
			isa = PBXNativeTarget;
			buildConfigurationList = 1A1F9B9B2355B73000CE70E7 /* Build configuration list for PBXNativeTarget "TestCICDDemoTests" */;
			buildPhases = (
				1A1F9B802355B73000CE70E7 /* Sources */,
				1A1F9B812355B73000CE70E7 /* Frameworks */,
				1A1F9B822355B73000CE70E7 /* Resources */,
			);
			buildRules = (
			);
			dependencies = (
				1A1F9B862355B73000CE70E7 /* PBXTargetDependency */,
			);
			name = TestCICDDemoTests;
			productName = TestCICDDemoTests;
			productReference = 1A1F9B842355B73000CE70E7 /* TestCICDDemoTests.xctest */;
			productType = "com.apple.product-type.bundle.unit-test";
		};
		1A1F9B8E2355B73000CE70E7 /* TestCICDDemoUITests */ = {
			isa = PBXNativeTarget;
			buildConfigurationList = 1A1F9B9E2355B73000CE70E7 /* Build configuration list for PBXNativeTarget "TestCICDDemoUITests" */;
			buildPhases = (
				1A1F9B8B2355B73000CE70E7 /* Sources */,
				1A1F9B8C2355B73000CE70E7 /* Frameworks */,
				1A1F9B8D2355B73000CE70E7 /* Resources */,
			);
			buildRules = (
			);
			dependencies = (
				1A1F9B912355B73000CE70E7 /* PBXTargetDependency */,
			);
			name = TestCICDDemoUITests;
			productName = TestCICDDemoUITests;
			productReference = 1A1F9B8F2355B73000CE70E7 /* TestCICDDemoUITests.xctest */;
			productType = "com.apple.product-type.bundle.ui-testing";
		};
/* End PBXNativeTarget section */

/* Begin PBXProject section */
		1A1F9B612355B72E00CE70E7 /* Project object */ = {
			isa = PBXProject;
			attributes = {
				LastUpgradeCheck = 1100;
				ORGANIZATIONNAME = yangmoumou;
				TargetAttributes = {
					1A1F9B682355B72E00CE70E7 = {
						CreatedOnToolsVersion = 11.0;
					};
					1A1F9B832355B73000CE70E7 = {
						CreatedOnToolsVersion = 11.0;
						TestTargetID = 1A1F9B682355B72E00CE70E7;
					};
					1A1F9B8E2355B73000CE70E7 = {
						CreatedOnToolsVersion = 11.0;
						TestTargetID = 1A1F9B682355B72E00CE70E7;
					};
				};
			};
			buildConfigurationList = 1A1F9B642355B72E00CE70E7 /* Build configuration list for PBXProject "TestCICDDemo" */;
			compatibilityVersion = "Xcode 9.3";
			developmentRegion = en;
			hasScannedForEncodings = 0;
			knownRegions = (
				en,
				Base,
			);
			mainGroup = 1A1F9B602355B72E00CE70E7;
			productRefGroup = 1A1F9B6A2355B72E00CE70E7 /* Products */;
			projectDirPath = "";
			projectRoot = "";
			targets = (
				1A1F9B682355B72E00CE70E7 /* TestCICDDemo */,
				1A1F9B832355B73000CE70E7 /* TestCICDDemoTests */,
				1A1F9B8E2355B73000CE70E7 /* TestCICDDemoUITests */,
			);
		};
/* End PBXProject section */

/* Begin PBXResourcesBuildPhase section */
		1A1F9B672355B72E00CE70E7 /* Resources */ = {
			isa = PBXResourcesBuildPhase;
			buildActionMask = 2147483647;
			files = (
				1A1F9B7C2355B72F00CE70E7 /* LaunchScreen.storyboard in Resources */,
				1A1F9B792355B72F00CE70E7 /* Assets.xcassets in Resources */,
				1A1F9B772355B72E00CE70E7 /* Main.storyboard in Resources */,
			);
			runOnlyForDeploymentPostprocessing = 0;
		};
		1A1F9B822355B73000CE70E7 /* Resources */ = {
			isa = PBXResourcesBuildPhase;
			buildActionMask = 2147483647;
			files = (
			);
			runOnlyForDeploymentPostprocessing = 0;
		};
		1A1F9B8D2355B73000CE70E7 /* Resources */ = {
			isa = PBXResourcesBuildPhase;
			buildActionMask = 2147483647;
			files = (
			);
			runOnlyForDeploymentPostprocessing = 0;
		};
/* End PBXResourcesBuildPhase section */

/* Begin PBXSourcesBuildPhase section */
		1A1F9B652355B72E00CE70E7 /* Sources */ = {
			isa = PBXSourcesBuildPhase;
			buildActionMask = 2147483647;
			files = (
				1A1F9B742355B72E00CE70E7 /* ViewController.m in Sources */,
				1A1F9B6E2355B72E00CE70E7 /* AppDelegate.m in Sources */,
				1A1F9B7F2355B72F00CE70E7 /* main.m in Sources */,
				1A1F9B712355B72E00CE70E7 /* SceneDelegate.m in Sources */,
			);
			runOnlyForDeploymentPostprocessing = 0;
		};
		1A1F9B802355B73000CE70E7 /* Sources */ = {
			isa = PBXSourcesBuildPhase;
			buildActionMask = 2147483647;
			files = (
				1A1F9B892355B73000CE70E7 /* TestCICDDemoTests.m in Sources */,
			);
			runOnlyForDeploymentPostprocessing = 0;
		};
		1A1F9B8B2355B73000CE70E7 /* Sources */ = {
			isa = PBXSourcesBuildPhase;
			buildActionMask = 2147483647;
			files = (
				1A1F9B942355B73000CE70E7 /* TestCICDDemoUITests.m in Sources */,
			);
			runOnlyForDeploymentPostprocessing = 0;
		};
/* End PBXSourcesBuildPhase section */

/* Begin PBXTargetDependency section */
		1A1F9B862355B73000CE70E7 /* PBXTargetDependency */ = {
			isa = PBXTargetDependency;
			target = 1A1F9B682355B72E00CE70E7 /* TestCICDDemo */;
			targetProxy = 1A1F9B852355B73000CE70E7 /* PBXContainerItemProxy */;
		};
		1A1F9B912355B73000CE70E7 /* PBXTargetDependency */ = {
			isa = PBXTargetDependency;
			target = 1A1F9B682355B72E00CE70E7 /* TestCICDDemo */;
			targetProxy = 1A1F9B902355B73000CE70E7 /* PBXContainerItemProxy */;
		};
/* End PBXTargetDependency section */

/* Begin PBXVariantGroup section */
		1A1F9B752355B72E00CE70E7 /* Main.storyboard */ = {
			isa = PBXVariantGroup;
			children = (
				1A1F9B762355B72E00CE70E7 /* Base */,
			);
			name = Main.storyboard;
			sourceTree = "<group>";
		};
		1A1F9B7A2355B72F00CE70E7 /* LaunchScreen.storyboard */ = {
			isa = PBXVariantGroup;
			children = (
				1A1F9B7B2355B72F00CE70E7 /* Base */,
			);
			name = LaunchScreen.storyboard;
			sourceTree = "<group>";
		};
/* End PBXVariantGroup section */

/* Begin XCBuildConfiguration section */
		1A1F9B962355B73000CE70E7 /* Debug */ = {
			isa = XCBuildConfiguration;
			buildSettings = {
				ALWAYS_SEARCH_USER_PATHS = NO;
				CLANG_ANALYZER_NONNULL = YES;
				CLANG_ANALYZER_NUMBER_OBJECT_CONVERSION = YES_AGGRESSIVE;
				CLANG_CXX_LANGUAGE_STANDARD = "gnu++14";
				CLANG_CXX_LIBRARY = "libc++";
				CLANG_ENABLE_MODULES = YES;
				CLANG_ENABLE_OBJC_ARC = YES;
				CLANG_ENABLE_OBJC_WEAK = YES;
				CLANG_WARN_BLOCK_CAPTURE_AUTORELEASING = YES;
				CLANG_WARN_BOOL_CONVERSION = YES;
				CLANG_WARN_COMMA = YES;
				CLANG_WARN_CONSTANT_CONVERSION = YES;
				CLANG_WARN_DEPRECATED_OBJC_IMPLEMENTATIONS = YES;
				CLANG_WARN_DIRECT_OBJC_ISA_USAGE = YES_ERROR;
				CLANG_WARN_DOCUMENTATION_COMMENTS = YES;
				CLANG_WARN_EMPTY_BODY = YES;
				CLANG_WARN_ENUM_CONVERSION = YES;
				CLANG_WARN_INFINITE_RECURSION = YES;
				CLANG_WARN_INT_CONVERSION = YES;
				CLANG_WARN_NON_LITERAL_NULL_CONVERSION = YES;
				CLANG_WARN_OBJC_IMPLICIT_RETAIN_SELF = YES;
				CLANG_WARN_OBJC_LITERAL_CONVERSION = YES;
				CLANG_WARN_OBJC_ROOT_CLASS = YES_ERROR;
				CLANG_WARN_RANGE_LOOP_ANALYSIS = YES;
				CLANG_WARN_STRICT_PROTOTYPES = YES;
				CLANG_WARN_SUSPICIOUS_MOVE = YES;
				CLANG_WARN_UNGUARDED_AVAILABILITY = YES_AGGRESSIVE;
				CLANG_WARN_UNREACHABLE_CODE = YES;
				CLANG_WARN__DUPLICATE_METHOD_MATCH = YES;
				COPY_PHASE_STRIP = NO;
				DEBUG_INFORMATION_FORMAT = dwarf;
				ENABLE_STRICT_OBJC_MSGSEND = YES;
				ENABLE_TESTABILITY = YES;
				GCC_C_LANGUAGE_STANDARD = gnu11;
				GCC_DYNAMIC_NO_PIC = NO;
				GCC_NO_COMMON_BLOCKS = YES;
				GCC_OPTIMIZATION_LEVEL = 0;
				GCC_PREPROCESSOR_DEFINITIONS = (
					"DEBUG=1",
					"$(inherited)",
				);
				GCC_WARN_64_TO_32_BIT_CONVERSION = YES;
				GCC_WARN_ABOUT_RETURN_TYPE = YES_ERROR;
				GCC_WARN_UNDECLARED_SELECTOR = YES;
				GCC_WARN_UNINITIALIZED_AUTOS = YES_AGGRESSIVE;
				GCC_WARN_UNUSED_FUNCTION = YES;
				GCC_WARN_UNUSED_VARIABLE = YES;
				IPHONEOS_DEPLOYMENT_TARGET = 13.0;
				MTL_ENABLE_DEBUG_INFO = INCLUDE_SOURCE;
				MTL_FAST_MATH = YES;
				ONLY_ACTIVE_ARCH = YES;
				SDKROOT = iphoneos;
			};
			name = Debug;
		};
		1A1F9B972355B73000CE70E7 /* Release */ = {
			isa = XCBuildConfiguration;
			buildSettings = {
				ALWAYS_SEARCH_USER_PATHS = NO;
				CLANG_ANALYZER_NONNULL = YES;
				CLANG_ANALYZER_NUMBER_OBJECT_CONVERSION = YES_AGGRESSIVE;
				CLANG_CXX_LANGUAGE_STANDARD = "gnu++14";
				CLANG_CXX_LIBRARY = "libc++";
				CLANG_ENABLE_MODULES = YES;
				CLANG_ENABLE_OBJC_ARC = YES;
				CLANG_ENABLE_OBJC_WEAK = YES;
				CLANG_WARN_BLOCK_CAPTURE_AUTORELEASING = YES;
				CLANG_WARN_BOOL_CONVERSION = YES;
				CLANG_WARN_COMMA = YES;
				CLANG_WARN_CONSTANT_CONVERSION = YES;
				CLANG_WARN_DEPRECATED_OBJC_IMPLEMENTATIONS = YES;
				CLANG_WARN_DIRECT_OBJC_ISA_USAGE = YES_ERROR;
				CLANG_WARN_DOCUMENTATION_COMMENTS = YES;
				CLANG_WARN_EMPTY_BODY = YES;
				CLANG_WARN_ENUM_CONVERSION = YES;
				CLANG_WARN_INFINITE_RECURSION = YES;
				CLANG_WARN_INT_CONVERSION = YES;
				CLANG_WARN_NON_LITERAL_NULL_CONVERSION = YES;
				CLANG_WARN_OBJC_IMPLICIT_RETAIN_SELF = YES;
				CLANG_WARN_OBJC_LITERAL_CONVERSION = YES;
				CLANG_WARN_OBJC_ROOT_CLASS = YES_ERROR;
				CLANG_WARN_RANGE_LOOP_ANALYSIS = YES;
				CLANG_WARN_STRICT_PROTOTYPES = YES;
				CLANG_WARN_SUSPICIOUS_MOVE = YES;
				CLANG_WARN_UNGUARDED_AVAILABILITY = YES_AGGRESSIVE;
				CLANG_WARN_UNREACHABLE_CODE = YES;
				CLANG_WARN__DUPLICATE_METHOD_MATCH = YES;
				COPY_PHASE_STRIP = NO;
				DEBUG_INFORMATION_FORMAT = "dwarf-with-dsym";
				ENABLE_NS_ASSERTIONS = NO;
				ENABLE_STRICT_OBJC_MSGSEND = YES;
				GCC_C_LANGUAGE_STANDARD = gnu11;
				GCC_NO_COMMON_BLOCKS = YES;
				GCC_WARN_64_TO_32_BIT_CONVERSION = YES;
				GCC_WARN_ABOUT_RETURN_TYPE = YES_ERROR;
				GCC_WARN_UNDECLARED_SELECTOR = YES;
				GCC_WARN_UNINITIALIZED_AUTOS = YES_AGGRESSIVE;
				GCC_WARN_UNUSED_FUNCTION = YES;
				GCC_WARN_UNUSED_VARIABLE = YES;
				IPHONEOS_DEPLOYMENT_TARGET = 13.0;
				MTL_ENABLE_DEBUG_INFO = NO;
				MTL_FAST_MATH = YES;
				SDKROOT = iphoneos;
				VALIDATE_PRODUCT = YES;
			};
			name = Release;
		};
		1A1F9B992355B73000CE70E7 /* Debug */ = {
			isa = XCBuildConfiguration;
			buildSettings = {
				ASSETCATALOG_COMPILER_APPICON_NAME = AppIcon;
				CODE_SIGN_STYLE = Automatic;
				DEVELOPMENT_TEAM = SKMGESUD9S;
				INFOPLIST_FILE = TestCICDDemo/Info.plist;
				LD_RUNPATH_SEARCH_PATHS = (
					"$(inherited)",
					"@executable_path/Frameworks",
				);
				PRODUCT_BUNDLE_IDENTIFIER = io.agora.TestCICDDemo;
				PRODUCT_NAME = "$(TARGET_NAME)";
				TARGETED_DEVICE_FAMILY = "1,2";
			};
			name = Debug;
		};
		1A1F9B9A2355B73000CE70E7 /* Release */ = {
			isa = XCBuildConfiguration;
			buildSettings = {
				ASSETCATALOG_COMPILER_APPICON_NAME = AppIcon;
				CODE_SIGN_STYLE = Automatic;
				DEVELOPMENT_TEAM = SKMGESUD9S;
				INFOPLIST_FILE = TestCICDDemo/Info.plist;
				LD_RUNPATH_SEARCH_PATHS = (
					"$(inherited)",
					"@executable_path/Frameworks",
				);
				PRODUCT_BUNDLE_IDENTIFIER = io.agora.TestCICDDemo;
				PRODUCT_NAME = "$(TARGET_NAME)";
				TARGETED_DEVICE_FAMILY = "1,2";
			};
			name = Release;
		};
		1A1F9B9C2355B73000CE70E7 /* Debug */ = {
			isa = XCBuildConfiguration;
			buildSettings = {
				BUNDLE_LOADER = "$(TEST_HOST)";
				CODE_SIGN_STYLE = Automatic;
				DEVELOPMENT_TEAM = SKMGESUD9S;
				INFOPLIST_FILE = TestCICDDemoTests/Info.plist;
				IPHONEOS_DEPLOYMENT_TARGET = 13.0;
				LD_RUNPATH_SEARCH_PATHS = (
					"$(inherited)",
					"@executable_path/Frameworks",
					"@loader_path/Frameworks",
				);
				PRODUCT_BUNDLE_IDENTIFIER = io.agora.TestCICDDemoTests;
				PRODUCT_NAME = "$(TARGET_NAME)";
				TARGETED_DEVICE_FAMILY = "1,2";
				TEST_HOST = "$(BUILT_PRODUCTS_DIR)/TestCICDDemo.app/TestCICDDemo";
			};
			name = Debug;
		};
		1A1F9B9D2355B73000CE70E7 /* Release */ = {
			isa = XCBuildConfiguration;
			buildSettings = {
				BUNDLE_LOADER = "$(TEST_HOST)";
				CODE_SIGN_STYLE = Automatic;
				DEVELOPMENT_TEAM = SKMGESUD9S;
				INFOPLIST_FILE = TestCICDDemoTests/Info.plist;
				IPHONEOS_DEPLOYMENT_TARGET = 13.0;
				LD_RUNPATH_SEARCH_PATHS = (
					"$(inherited)",
					"@executable_path/Frameworks",
					"@loader_path/Frameworks",
				);
				PRODUCT_BUNDLE_IDENTIFIER = io.agora.TestCICDDemoTests;
				PRODUCT_NAME = "$(TARGET_NAME)";
				TARGETED_DEVICE_FAMILY = "1,2";
				TEST_HOST = "$(BUILT_PRODUCTS_DIR)/TestCICDDemo.app/TestCICDDemo";
			};
			name = Release;
		};
		1A1F9B9F2355B73000CE70E7 /* Debug */ = {
			isa = XCBuildConfiguration;
			buildSettings = {
				CODE_SIGN_STYLE = Automatic;
				DEVELOPMENT_TEAM = SKMGESUD9S;
				INFOPLIST_FILE = TestCICDDemoUITests/Info.plist;
				LD_RUNPATH_SEARCH_PATHS = (
					"$(inherited)",
					"@executable_path/Frameworks",
					"@loader_path/Frameworks",
				);
				PRODUCT_BUNDLE_IDENTIFIER = io.agora.TestCICDDemoUITests;
				PRODUCT_NAME = "$(TARGET_NAME)";
				TARGETED_DEVICE_FAMILY = "1,2";
				TEST_TARGET_NAME = TestCICDDemo;
			};
			name = Debug;
		};
		1A1F9BA02355B73000CE70E7 /* Release */ = {
			isa = XCBuildConfiguration;
			buildSettings = {
				CODE_SIGN_STYLE = Automatic;
				DEVELOPMENT_TEAM = SKMGESUD9S;
				INFOPLIST_FILE = TestCICDDemoUITests/Info.plist;
				LD_RUNPATH_SEARCH_PATHS = (
					"$(inherited)",
					"@executable_path/Frameworks",
					"@loader_path/Frameworks",
				);
				PRODUCT_BUNDLE_IDENTIFIER = io.agora.TestCICDDemoUITests;
				PRODUCT_NAME = "$(TARGET_NAME)";
				TARGETED_DEVICE_FAMILY = "1,2";
				TEST_TARGET_NAME = TestCICDDemo;
			};
			name = Release;
		};
/* End XCBuildConfiguration section */

/* Begin XCConfigurationList section */
		1A1F9B642355B72E00CE70E7 /* Build configuration list for PBXProject "TestCICDDemo" */ = {
			isa = XCConfigurationList;
			buildConfigurations = (
				1A1F9B962355B73000CE70E7 /* Debug */,
				1A1F9B972355B73000CE70E7 /* Release */,
			);
			defaultConfigurationIsVisible = 0;
			defaultConfigurationName = Release;
		};
		1A1F9B982355B73000CE70E7 /* Build configuration list for PBXNativeTarget "TestCICDDemo" */ = {
			isa = XCConfigurationList;
			buildConfigurations = (
				1A1F9B992355B73000CE70E7 /* Debug */,
				1A1F9B9A2355B73000CE70E7 /* Release */,
			);
			defaultConfigurationIsVisible = 0;
			defaultConfigurationName = Release;
		};
		1A1F9B9B2355B73000CE70E7 /* Build configuration list for PBXNativeTarget "TestCICDDemoTests" */ = {
			isa = XCConfigurationList;
			buildConfigurations = (
				1A1F9B9C2355B73000CE70E7 /* Debug */,
				1A1F9B9D2355B73000CE70E7 /* Release */,
			);
			defaultConfigurationIsVisible = 0;
			defaultConfigurationName = Release;
		};
		1A1F9B9E2355B73000CE70E7 /* Build configuration list for PBXNativeTarget "TestCICDDemoUITests" */ = {
			isa = XCConfigurationList;
			buildConfigurations = (
				1A1F9B9F2355B73000CE70E7 /* Debug */,
				1A1F9BA02355B73000CE70E7 /* Release */,
			);
			defaultConfigurationIsVisible = 0;
			defaultConfigurationName = Release;
		};
/* End XCConfigurationList section */
	};
	rootObject = 1A1F9B612355B72E00CE70E7 /* Project object */;
}
